
Microsoft Visual Studio Solution File, Format Version 12.00
# Visual Studio Version 17
VisualStudioVersion = 17.13.35507.96 d17.13
MinimumVisualStudioVersion = 10.0.40219.1
Project("{FAE04EC0-301F-11D3-BF4B-00C04F79EFBC}") = "console.mentoria3", "console.mentoria3\console.mentoria3.csproj", "{FAC00E5F-1C12-48BF-A0D1-CEAD76FEA2F6}"
EndProject
Global
	GlobalSection(SolutionConfigurationPlatforms) = preSolution
		Debug|Any CPU = Debug|Any CPU
		Release|Any CPU = Release|Any CPU
	EndGlobalSection
	GlobalSection(ProjectConfigurationPlatforms) = postSolution
		{FAC00E5F-1C12-48BF-A0D1-CEAD76FEA2F6}.Debug|Any CPU.ActiveCfg = Debug|Any CPU
		{FAC00E5F-1C12-48BF-A0D1-CEAD76FEA2F6}.Debug|Any CPU.Build.0 = Debug|Any CPU
		{FAC00E5F-1C12-48BF-A0D1-CEAD76FEA2F6}.Release|Any CPU.ActiveCfg = Release|Any CPU
		{FAC00E5F-1C12-48BF-A0D1-CEAD76FEA2F6}.Release|Any CPU.Build.0 = Release|Any CPU
	EndGlobalSection
	GlobalSection(SolutionProperties) = preSolution
		HideSolutionNode = FALSE
	EndGlobalSection
	GlobalSection(ExtensibilityGlobals) = postSolution
		SolutionGuid = {0B1E8C68-A2FE-4681-83CB-9ED1E1F088C9}
	EndGlobalSection
EndGlobal
